
Microsoft Visual Studio Solution File, Format Version 12.00
# Visual Studio Version 17
VisualStudioVersion = 17.11.35222.181
MinimumVisualStudioVersion = 10.0.40219.1
Project("{FAE04EC0-301F-11D3-BF4B-00C04F79EFBC}") = "uniofwork", "uniofwork.csproj", "{873E3B99-FC1D-444C-A591-A423A4514DF4}"
EndProject
Global
	GlobalSection(SolutionConfigurationPlatforms) = preSolution
		Debug|Any CPU = Debug|Any CPU
		Release|Any CPU = Release|Any CPU
	EndGlobalSection
	GlobalSection(ProjectConfigurationPlatforms) = postSolution
		{873E3B99-FC1D-444C-A591-A423A4514DF4}.Debug|Any CPU.ActiveCfg = Debug|Any CPU
		{873E3B99-FC1D-444C-A591-A423A4514DF4}.Debug|Any CPU.Build.0 = Debug|Any CPU
		{873E3B99-FC1D-444C-A591-A423A4514DF4}.Release|Any CPU.ActiveCfg = Release|Any CPU
		{873E3B99-FC1D-444C-A591-A423A4514DF4}.Release|Any CPU.Build.0 = Release|Any CPU
	EndGlobalSection
	GlobalSection(SolutionProperties) = preSolution
		HideSolutionNode = FALSE
	EndGlobalSection
	GlobalSection(ExtensibilityGlobals) = postSolution
		SolutionGuid = {BE15389A-E092-40E9-A15B-EC50F6839BFA}
	EndGlobalSection
EndGlobal
